
Microsoft Visual Studio Solution File, Format Version 12.00
# Visual Studio Version 17
VisualStudioVersion = 17.0.32112.339
MinimumVisualStudioVersion = 10.0.40219.1
Project("{FAE04EC0-301F-11D3-BF4B-00C04F79EFBC}") = "WindowsFormsApp1", "WindowsFormsApp1\WindowsFormsApp1.csproj", "{B88ECF04-77C2-4876-A1A4-26A84DBB8228}"
EndProject
Global
	GlobalSection(SolutionConfigurationPlatforms) = preSolution
		Debug|Any CPU = Debug|Any CPU
		Release|Any CPU = Release|Any CPU
	EndGlobalSection
	GlobalSection(ProjectConfigurationPlatforms) = postSolution
		{B88ECF04-77C2-4876-A1A4-26A84DBB8228}.Debug|Any CPU.ActiveCfg = Debug|Any CPU
		{B88ECF04-77C2-4876-A1A4-26A84DBB8228}.Debug|Any CPU.Build.0 = Debug|Any CPU
		{B88ECF04-77C2-4876-A1A4-26A84DBB8228}.Release|Any CPU.ActiveCfg = Release|Any CPU
		{B88ECF04-77C2-4876-A1A4-26A84DBB8228}.Release|Any CPU.Build.0 = Release|Any CPU
	EndGlobalSection
	GlobalSection(SolutionProperties) = preSolution
		HideSolutionNode = FALSE
	EndGlobalSection
	GlobalSection(ExtensibilityGlobals) = postSolution
		SolutionGuid = {1A2E8F97-955D-4ACC-9C74-18D079968408}
	EndGlobalSection
EndGlobal
